
Microsoft Visual Studio Solution File, Format Version 12.00
# Visual Studio Version 17
VisualStudioVersion = 17.0.31903.59
MinimumVisualStudioVersion = 10.0.40219.1
Project("{FAE04EC0-301F-11D3-BF4B-00C04F79EFBC}") = "Rinha.Core", "Rinha.Core\Rinha.Core.csproj", "{CE18AFC9-84AB-4445-B255-1412F9A6388C}"
EndProject
Project("{FAE04EC0-301F-11D3-BF4B-00C04F79EFBC}") = "rinhac", "rinhac\rinhac.csproj", "{AC5DB940-8F88-4DF8-91B2-53846C1928E9}"
EndProject
Global
	GlobalSection(SolutionConfigurationPlatforms) = preSolution
		Debug|Any CPU = Debug|Any CPU
		Release|Any CPU = Release|Any CPU
	EndGlobalSection
	GlobalSection(SolutionProperties) = preSolution
		HideSolutionNode = FALSE
	EndGlobalSection
	GlobalSection(ProjectConfigurationPlatforms) = postSolution
		{CE18AFC9-84AB-4445-B255-1412F9A6388C}.Debug|Any CPU.ActiveCfg = Debug|Any CPU
		{CE18AFC9-84AB-4445-B255-1412F9A6388C}.Debug|Any CPU.Build.0 = Debug|Any CPU
		{CE18AFC9-84AB-4445-B255-1412F9A6388C}.Release|Any CPU.ActiveCfg = Release|Any CPU
		{CE18AFC9-84AB-4445-B255-1412F9A6388C}.Release|Any CPU.Build.0 = Release|Any CPU
		{AC5DB940-8F88-4DF8-91B2-53846C1928E9}.Debug|Any CPU.ActiveCfg = Debug|Any CPU
		{AC5DB940-8F88-4DF8-91B2-53846C1928E9}.Debug|Any CPU.Build.0 = Debug|Any CPU
		{AC5DB940-8F88-4DF8-91B2-53846C1928E9}.Release|Any CPU.ActiveCfg = Release|Any CPU
		{AC5DB940-8F88-4DF8-91B2-53846C1928E9}.Release|Any CPU.Build.0 = Release|Any CPU
	EndGlobalSection
EndGlobal
